
Microsoft Visual Studio Solution File, Format Version 12.00
# Visual Studio 15
VisualStudioVersion = 15.0.28010.2036
MinimumVisualStudioVersion = 10.0.40219.1
Project("{FAE04EC0-301F-11D3-BF4B-00C04F79EFBC}") = "Practice Inheritance", "Practice Inheritance\Practice Inheritance.csproj", "{0EC1818E-EABF-40AD-9254-EA4D23F975AE}"
EndProject
Global
	GlobalSection(SolutionConfigurationPlatforms) = preSolution
		Debug|Any CPU = Debug|Any CPU
		Release|Any CPU = Release|Any CPU
	EndGlobalSection
	GlobalSection(ProjectConfigurationPlatforms) = postSolution
		{0EC1818E-EABF-40AD-9254-EA4D23F975AE}.Debug|Any CPU.ActiveCfg = Debug|Any CPU
		{0EC1818E-EABF-40AD-9254-EA4D23F975AE}.Debug|Any CPU.Build.0 = Debug|Any CPU
		{0EC1818E-EABF-40AD-9254-EA4D23F975AE}.Release|Any CPU.ActiveCfg = Release|Any CPU
		{0EC1818E-EABF-40AD-9254-EA4D23F975AE}.Release|Any CPU.Build.0 = Release|Any CPU
	EndGlobalSection
	GlobalSection(SolutionProperties) = preSolution
		HideSolutionNode = FALSE
	EndGlobalSection
	GlobalSection(ExtensibilityGlobals) = postSolution
		SolutionGuid = {57D5F34A-47F4-4A86-B091-22D900DC9A05}
	EndGlobalSection
EndGlobal
